
Microsoft Visual Studio Solution File, Format Version 12.00
# Visual Studio Version 17
VisualStudioVersion = 17.4.33213.308
MinimumVisualStudioVersion = 10.0.40219.1
Project("{FAE04EC0-301F-11D3-BF4B-00C04F79EFBC}") = "LoginUIApp.Android", "LoginUIApp\LoginUIApp.Android\LoginUIApp.Android.csproj", "{3872B6C1-2C24-413B-9BF4-FFD1DF6D265C}"
EndProject
Project("{FAE04EC0-301F-11D3-BF4B-00C04F79EFBC}") = "LoginUIApp.iOS", "LoginUIApp\LoginUIApp.iOS\LoginUIApp.iOS.csproj", "{A9958342-98C0-4EB1-BED6-AA50A0C59582}"
EndProject
Project("{FAE04EC0-301F-11D3-BF4B-00C04F79EFBC}") = "LoginUIApp", "LoginUIApp\LoginUIApp\LoginUIApp.csproj", "{6013A1D7-8992-4D3E-808C-D5D04E268C4F}"
EndProject
Global
	GlobalSection(SolutionConfigurationPlatforms) = preSolution
		Debug|Any CPU = Debug|Any CPU
		Debug|iPhone = Debug|iPhone
		Debug|iPhoneSimulator = Debug|iPhoneSimulator
		Release|Any CPU = Release|Any CPU
		Release|iPhone = Release|iPhone
		Release|iPhoneSimulator = Release|iPhoneSimulator
	EndGlobalSection
	GlobalSection(ProjectConfigurationPlatforms) = postSolution
		{3872B6C1-2C24-413B-9BF4-FFD1DF6D265C}.Debug|Any CPU.ActiveCfg = Debug|Any CPU
		{3872B6C1-2C24-413B-9BF4-FFD1DF6D265C}.Debug|Any CPU.Build.0 = Debug|Any CPU
		{3872B6C1-2C24-413B-9BF4-FFD1DF6D265C}.Debug|Any CPU.Deploy.0 = Debug|Any CPU
		{3872B6C1-2C24-413B-9BF4-FFD1DF6D265C}.Debug|iPhone.ActiveCfg = Debug|Any CPU
		{3872B6C1-2C24-413B-9BF4-FFD1DF6D265C}.Debug|iPhone.Build.0 = Debug|Any CPU
		{3872B6C1-2C24-413B-9BF4-FFD1DF6D265C}.Debug|iPhone.Deploy.0 = Debug|Any CPU
		{3872B6C1-2C24-413B-9BF4-FFD1DF6D265C}.Debug|iPhoneSimulator.ActiveCfg = Debug|Any CPU
		{3872B6C1-2C24-413B-9BF4-FFD1DF6D265C}.Debug|iPhoneSimulator.Build.0 = Debug|Any CPU
		{3872B6C1-2C24-413B-9BF4-FFD1DF6D265C}.Debug|iPhoneSimulator.Deploy.0 = Debug|Any CPU
		{3872B6C1-2C24-413B-9BF4-FFD1DF6D265C}.Release|Any CPU.ActiveCfg = Release|Any CPU
		{3872B6C1-2C24-413B-9BF4-FFD1DF6D265C}.Release|Any CPU.Build.0 = Release|Any CPU
		{3872B6C1-2C24-413B-9BF4-FFD1DF6D265C}.Release|Any CPU.Deploy.0 = Release|Any CPU
		{3872B6C1-2C24-413B-9BF4-FFD1DF6D265C}.Release|iPhone.ActiveCfg = Release|Any CPU
		{3872B6C1-2C24-413B-9BF4-FFD1DF6D265C}.Release|iPhone.Build.0 = Release|Any CPU
		{3872B6C1-2C24-413B-9BF4-FFD1DF6D265C}.Release|iPhone.Deploy.0 = Release|Any CPU
		{3872B6C1-2C24-413B-9BF4-FFD1DF6D265C}.Release|iPhoneSimulator.ActiveCfg = Release|Any CPU
		{3872B6C1-2C24-413B-9BF4-FFD1DF6D265C}.Release|iPhoneSimulator.Build.0 = Release|Any CPU
		{3872B6C1-2C24-413B-9BF4-FFD1DF6D265C}.Release|iPhoneSimulator.Deploy.0 = Release|Any CPU
		{A9958342-98C0-4EB1-BED6-AA50A0C59582}.Debug|Any CPU.ActiveCfg = Debug|iPhone
		{A9958342-98C0-4EB1-BED6-AA50A0C59582}.Debug|Any CPU.Build.0 = Debug|iPhone
		{A9958342-98C0-4EB1-BED6-AA50A0C59582}.Debug|Any CPU.Deploy.0 = Debug|iPhone
		{A9958342-98C0-4EB1-BED6-AA50A0C59582}.Debug|iPhone.ActiveCfg = Debug|iPhone
		{A9958342-98C0-4EB1-BED6-AA50A0C59582}.Debug|iPhone.Build.0 = Debug|iPhone
		{A9958342-98C0-4EB1-BED6-AA50A0C59582}.Debug|iPhone.Deploy.0 = Debug|iPhone
		{A9958342-98C0-4EB1-BED6-AA50A0C59582}.Debug|iPhoneSimulator.ActiveCfg = Debug|iPhoneSimulator
		{A9958342-98C0-4EB1-BED6-AA50A0C59582}.Debug|iPhoneSimulator.Build.0 = Debug|iPhoneSimulator
		{A9958342-98C0-4EB1-BED6-AA50A0C59582}.Debug|iPhoneSimulator.Deploy.0 = Debug|iPhoneSimulator
		{A9958342-98C0-4EB1-BED6-AA50A0C59582}.Release|Any CPU.ActiveCfg = Release|iPhoneSimulator
		{A9958342-98C0-4EB1-BED6-AA50A0C59582}.Release|Any CPU.Build.0 = Release|iPhoneSimulator
		{A9958342-98C0-4EB1-BED6-AA50A0C59582}.Release|Any CPU.Deploy.0 = Release|iPhoneSimulator
		{A9958342-98C0-4EB1-BED6-AA50A0C59582}.Release|iPhone.ActiveCfg = Release|iPhone
		{A9958342-98C0-4EB1-BED6-AA50A0C59582}.Release|iPhone.Build.0 = Release|iPhone
		{A9958342-98C0-4EB1-BED6-AA50A0C59582}.Release|iPhone.Deploy.0 = Release|iPhone
		{A9958342-98C0-4EB1-BED6-AA50A0C59582}.Release|iPhoneSimulator.ActiveCfg = Release|iPhoneSimulator
		{A9958342-98C0-4EB1-BED6-AA50A0C59582}.Release|iPhoneSimulator.Build.0 = Release|iPhoneSimulator
		{A9958342-98C0-4EB1-BED6-AA50A0C59582}.Release|iPhoneSimulator.Deploy.0 = Release|iPhoneSimulator
		{6013A1D7-8992-4D3E-808C-D5D04E268C4F}.Debug|Any CPU.ActiveCfg = Debug|Any CPU
		{6013A1D7-8992-4D3E-808C-D5D04E268C4F}.Debug|Any CPU.Build.0 = Debug|Any CPU
		{6013A1D7-8992-4D3E-808C-D5D04E268C4F}.Debug|Any CPU.Deploy.0 = Debug|Any CPU
		{6013A1D7-8992-4D3E-808C-D5D04E268C4F}.Debug|iPhone.ActiveCfg = Debug|Any CPU
		{6013A1D7-8992-4D3E-808C-D5D04E268C4F}.Debug|iPhone.Build.0 = Debug|Any CPU
		{6013A1D7-8992-4D3E-808C-D5D04E268C4F}.Debug|iPhone.Deploy.0 = Debug|Any CPU
		{6013A1D7-8992-4D3E-808C-D5D04E268C4F}.Debug|iPhoneSimulator.ActiveCfg = Debug|Any CPU
		{6013A1D7-8992-4D3E-808C-D5D04E268C4F}.Debug|iPhoneSimulator.Build.0 = Debug|Any CPU
		{6013A1D7-8992-4D3E-808C-D5D04E268C4F}.Debug|iPhoneSimulator.Deploy.0 = Debug|Any CPU
		{6013A1D7-8992-4D3E-808C-D5D04E268C4F}.Release|Any CPU.ActiveCfg = Release|Any CPU
		{6013A1D7-8992-4D3E-808C-D5D04E268C4F}.Release|Any CPU.Build.0 = Release|Any CPU
		{6013A1D7-8992-4D3E-808C-D5D04E268C4F}.Release|Any CPU.Deploy.0 = Release|Any CPU
		{6013A1D7-8992-4D3E-808C-D5D04E268C4F}.Release|iPhone.ActiveCfg = Release|Any CPU
		{6013A1D7-8992-4D3E-808C-D5D04E268C4F}.Release|iPhone.Build.0 = Release|Any CPU
		{6013A1D7-8992-4D3E-808C-D5D04E268C4F}.Release|iPhone.Deploy.0 = Release|Any CPU
		{6013A1D7-8992-4D3E-808C-D5D04E268C4F}.Release|iPhoneSimulator.ActiveCfg = Release|Any CPU
		{6013A1D7-8992-4D3E-808C-D5D04E268C4F}.Release|iPhoneSimulator.Build.0 = Release|Any CPU
		{6013A1D7-8992-4D3E-808C-D5D04E268C4F}.Release|iPhoneSimulator.Deploy.0 = Release|Any CPU
	EndGlobalSection
	GlobalSection(SolutionProperties) = preSolution
		HideSolutionNode = FALSE
	EndGlobalSection
	GlobalSection(ExtensibilityGlobals) = postSolution
		SolutionGuid = {E83B6D29-6A5E-4AB1-8058-E5493E478A6A}
	EndGlobalSection
EndGlobal
